{
  "name": "@webhandle/ckeditor-4",
  "version": "1.0.0",
  "lockfileVersion": 3,
  "requires": true,
  "packages": {
    "": {
      "name": "@webhandle/ckeditor-4",
      "version": "1.0.0",
      "license": "ISC",
      "dependencies": {
        "@dankolz/picture-ckeditor-plugin": "^1.0.7",
        "@dankolz/template-ckeditor-plugin": "^1.0.1",
        "@webhandle/ckeditor-multi-widget-panel": "^1.0.2",
        "@webhandle/initialize-webhandle-component": "^1.0.4",
        "ckeditor4": "4.22"
      }
    },
    "node_modules/@dankolz/picture-ckeditor-plugin": {
      "version": "1.0.7",
      "resolved": "https://registry.npmjs.org/@dankolz/picture-ckeditor-plugin/-/picture-ckeditor-plugin-1.0.7.tgz",
      "integrity": "sha512-evqDATiocBSiSHd7kmXYDYFpfeCJ5gmJ719Ezr2nFNuojoJAwPJeYoJ2Jp3C7SxaSBt7R5O0UZkqbxLB+zr/jw==",
      "license": "ISC"
    },
    "node_modules/@dankolz/template-ckeditor-plugin": {
      "version": "1.0.1",
      "resolved": "https://registry.npmjs.org/@dankolz/template-ckeditor-plugin/-/template-ckeditor-plugin-1.0.1.tgz",
      "integrity": "sha512-kh7vOWvAh9/jbJmp8SwzczeSxw+PAwVN/dyIkmFf7hCE3khk5SwBWjdo0/ss/ZXh1J/tDS6Noj4iNkAJHqyHLw==",
      "license": "ISC"
    },
    "node_modules/@webhandle/ckeditor-multi-widget-panel": {
      "version": "1.0.2",
      "resolved": "https://registry.npmjs.org/@webhandle/ckeditor-multi-widget-panel/-/ckeditor-multi-widget-panel-1.0.2.tgz",
      "integrity": "sha512-tuG8iUQWEwVDVmvDEb850O6UY+1fEr0UbAOKGClRkfoiBeC+5FhmZUt1kJQMia7dNti+NO5mo993l3thTWjtuA==",
      "license": "ISC"
    },
    "node_modules/@webhandle/initialize-webhandle-component": {
      "version": "1.0.4",
      "resolved": "https://registry.npmjs.org/@webhandle/initialize-webhandle-component/-/initialize-webhandle-component-1.0.4.tgz",
      "integrity": "sha512-4RMsta5TJ2kCTaqYFXQCJK/VIxmDvG5clxEowHb3NuqazhzNN00fCslmQOLQ0+TVfG3ls8YH4nLNhRmQ73fnGw==",
      "license": "ISC",
      "bin": {
        "create-initialize-webhandle-component-file": "create-initialize-webhandle-component-file.mjs"
      }
    },
    "node_modules/ckeditor4": {
      "version": "4.22.1",
      "resolved": "https://registry.npmjs.org/ckeditor4/-/ckeditor4-4.22.1.tgz",
      "integrity": "sha512-Yj4vTHX5YxHwc48gNqUqTm+KLkRr9tuyb4O2VIABu4oKHWRNVIdLdy6vUNe/XNx+RiTavMejfA1MVOU/MxLjqQ==",
      "license": "(GPL-2.0 OR LGPL-2.1 OR MPL-1.1)"
    }
  }
}
